
Microsoft Visual Studio Solution File, Format Version 12.00
# Visual Studio Version 16
VisualStudioVersion = 16.0.32802.440
MinimumVisualStudioVersion = 10.0.40219.1
Project("{FAE04EC0-301F-11D3-BF4B-00C04F79EFBC}") = "Ref_Retangulo", "Ref_Retangulo\Ref_Retangulo.csproj", "{A1E247B9-810C-42F6-B0D7-3575AC294196}"
EndProject
Global
	GlobalSection(SolutionConfigurationPlatforms) = preSolution
		Debug|Any CPU = Debug|Any CPU
		Release|Any CPU = Release|Any CPU
	EndGlobalSection
	GlobalSection(ProjectConfigurationPlatforms) = postSolution
		{A1E247B9-810C-42F6-B0D7-3575AC294196}.Debug|Any CPU.ActiveCfg = Debug|Any CPU
		{A1E247B9-810C-42F6-B0D7-3575AC294196}.Debug|Any CPU.Build.0 = Debug|Any CPU
		{A1E247B9-810C-42F6-B0D7-3575AC294196}.Release|Any CPU.ActiveCfg = Release|Any CPU
		{A1E247B9-810C-42F6-B0D7-3575AC294196}.Release|Any CPU.Build.0 = Release|Any CPU
	EndGlobalSection
	GlobalSection(SolutionProperties) = preSolution
		HideSolutionNode = FALSE
	EndGlobalSection
	GlobalSection(ExtensibilityGlobals) = postSolution
		SolutionGuid = {065F071B-A17E-41E5-89B1-6223707D9EC2}
	EndGlobalSection
EndGlobal
